// !$*UTF8*$!
{
	archiveVersion = 1;
	classes = {
	};
	objectVersion = 77;
	objects = {

/* Begin PBXBuildFile section */
		5F8EA9112D59696300B81545 /* BrilliantSole in Frameworks */ = {isa = PBXBuildFile; productRef = 5F8EA9102D59696300B81545 /* BrilliantSole */; };
		5F8EA9132D59696600B81545 /* BrilliantSole in Frameworks */ = {isa = PBXBuildFile; productRef = 5F8EA9122D59696600B81545 /* BrilliantSole */; };
		5F8EA9152D59696F00B81545 /* BrilliantSole in Frameworks */ = {isa = PBXBuildFile; productRef = 5F8EA9142D59696F00B81545 /* BrilliantSole */; };
		5F8EA9172D59697300B81545 /* BrilliantSole in Frameworks */ = {isa = PBXBuildFile; productRef = 5F8EA9162D59697300B81545 /* BrilliantSole */; };
		5F8EA9E02D59AF9C00B81545 /* (Watch) BrilliantSole Demo.app in Embed Watch Content */ = {isa = PBXBuildFile; fileRef = 5F8EA9D32D59AF9B00B81545 /* (Watch) BrilliantSole Demo.app */; settings = {ATTRIBUTES = (RemoveHeadersOnCopy, ); }; };
		5F8EAA482D59B32100B81545 /* BrilliantSole in Frameworks */ = {isa = PBXBuildFile; productRef = 5F8EAA472D59B32100B81545 /* BrilliantSole */; };
/* End PBXBuildFile section */

/* Begin PBXContainerItemProxy section */
		5F8EA9DE2D59AF9C00B81545 /* PBXContainerItemProxy */ = {
			isa = PBXContainerItemProxy;
			containerPortal = 5FBC34612D38722100B0DB20 /* Project object */;
			proxyType = 1;
			remoteGlobalIDString = 5F8EA9D22D59AF9B00B81545;
			remoteInfo = "BrilliantSole Demo Watch App";
		};
/* End PBXContainerItemProxy section */

/* Begin PBXCopyFilesBuildPhase section */
		5F8EA9E12D59AF9C00B81545 /* Embed Watch Content */ = {
			isa = PBXCopyFilesBuildPhase;
			buildActionMask = 2147483647;
			dstPath = "$(CONTENTS_FOLDER_PATH)/Watch";
			dstSubfolderSpec = 16;
			files = (
				5F8EA9E02D59AF9C00B81545 /* (Watch) BrilliantSole Demo.app in Embed Watch Content */,
			);
			name = "Embed Watch Content";
			runOnlyForDeploymentPostprocessing = 0;
		};
/* End PBXCopyFilesBuildPhase section */

/* Begin PBXFileReference section */
		5F8EA8222D5963CF00B81545 /* TODO */ = {isa = PBXFileReference; lastKnownFileType = text; path = TODO; sourceTree = "<group>"; };
		5F8EA8282D59651400B81545 /* (iOS) BrilliantSole Demo.app */ = {isa = PBXFileReference; explicitFileType = wrapper.application; includeInIndex = 0; path = "(iOS) BrilliantSole Demo.app"; sourceTree = BUILT_PRODUCTS_DIR; };
		5F8EA8562D59653700B81545 /* (Mac) BrilliantSole Demo.app */ = {isa = PBXFileReference; explicitFileType = wrapper.application; includeInIndex = 0; path = "(Mac) BrilliantSole Demo.app"; sourceTree = BUILT_PRODUCTS_DIR; };
		5F8EA8BD2D59663100B81545 /* (TV) BrilliantSole Demo.app */ = {isa = PBXFileReference; explicitFileType = wrapper.application; includeInIndex = 0; path = "(TV) BrilliantSole Demo.app"; sourceTree = BUILT_PRODUCTS_DIR; };
		5F8EA8CF2D59665300B81545 /* (VisionOS) BrilliantSole Demo.app */ = {isa = PBXFileReference; explicitFileType = wrapper.application; includeInIndex = 0; path = "(VisionOS) BrilliantSole Demo.app"; sourceTree = BUILT_PRODUCTS_DIR; };
		5F8EA9D32D59AF9B00B81545 /* (Watch) BrilliantSole Demo.app */ = {isa = PBXFileReference; explicitFileType = wrapper.application; includeInIndex = 0; path = "(Watch) BrilliantSole Demo.app"; sourceTree = BUILT_PRODUCTS_DIR; };
/* End PBXFileReference section */

/* Begin PBXFileSystemSynchronizedBuildFileExceptionSet section */
		5F8EA8E72D5968B300B81545 /* Exceptions for "(Shared) BrilliantSole Demo" folder in "(iOS) BrilliantSole Demo" target */ = {
			isa = PBXFileSystemSynchronizedBuildFileExceptionSet;
			membershipExceptions = (
				"3DModels/left insole.usdz",
				"3DModels/right insole.usdz",
				Assets.xcassets,
				BrilliantSoleSwiftDemoApp.swift,
				ContentView.swift,
				Images.xcassets,
				Views/DevicePair/DevicePair.swift,
				Views/Devices/Device/BatterySection.swift,
				Views/Devices/Device/DeviceInformationSection.swift,
				Views/Devices/Device/DeviceView.swift,
				Views/Devices/Device/Examples/CenterOfPressure/CenterOfPressureExample.swift,
				Views/Devices/Device/Examples/CenterOfPressure/CenterOfPressureView.swift,
				Views/Devices/Device/Examples/Example.swift,
				Views/Devices/Device/Examples/ExamplesSection.swift,
				Views/Devices/Device/Examples/Motion/ModelView.swift,
				Views/Devices/Device/Examples/Motion/MotionExample.swift,
				Views/Devices/Device/Examples/Motion/RotationModePicker.swift,
				Views/Devices/Device/Examples/Motion/TranslationModePicker.swift,
				Views/Devices/Device/Examples/Pressure/PressureExample.swift,
				Views/Devices/Device/Examples/Pressure/PressureModePicker.swift,
				Views/Devices/Device/Examples/Pressure/PressureView.swift,
				Views/Devices/Device/Examples/Vibration/VibrationConfigurationView.swift,
				Views/Devices/Device/Examples/Vibration/VibrationExample.swift,
				Views/Devices/Device/Examples/Vibration/Waveform/VibrationWaveformConfigurationView.swift,
				Views/Devices/Device/Examples/Vibration/Waveform/VibrationWaveformSegmentView.swift,
				Views/Devices/Device/Examples/Vibration/WaveformEffect/AllVibrationWaveformEffectsView.swift,
				Views/Devices/Device/Examples/Vibration/WaveformEffect/VibrationWaveformEffectConfigurationView.swift,
				Views/Devices/Device/Examples/Vibration/WaveformEffect/VibrationWaveformEffectSegmentView.swift,
				Views/Devices/Device/InformationSection.swift,
				Views/Devices/Device/SensorsSection.swift,
				Views/Devices/DeviceRow/DeviceRow.swift,
				Views/Devices/DeviceRow/DeviceRowConnection.swift,
				Views/Devices/DeviceRow/DeviceRowHeader.swift,
				Views/Devices/DeviceRow/DeviceRowStatus.swift,
				Views/Devices/Devices.swift,
				Views/Scanner/DiscoveredDeviceRow/DiscoveredDeviceRow.swift,
				Views/Scanner/DiscoveredDeviceRow/DiscoveredDeviceRowConnection.swift,
				Views/Scanner/DiscoveredDeviceRow/DiscoveredDeviceRowHeader.swift,
				Views/Scanner/DiscoveredDeviceRow/DiscoveredDeviceRowStatus.swift,
				Views/Scanner/Scanner.swift,
				Views/Scanner/UdpClient.swift,
				Views/Utils/ConnectableButton.swift,
				Views/Utils/LabelSpacing.swift,
				Views/Utils/NavigationManager.swift,
				Views/Utils/PlatformUtils.swift,
				Views/Utils/VibrationConfigurationsEnvironment.swift,
				Views/Utils/ViewModifier.swift,
			);
			target = 5F8EA8272D59651400B81545 /* (iOS) BrilliantSole Demo */;
		};
		5F8EA8E82D5968B300B81545 /* Exceptions for "(Shared) BrilliantSole Demo" folder in "(Mac) BrilliantSole Demo" target */ = {
			isa = PBXFileSystemSynchronizedBuildFileExceptionSet;
			membershipExceptions = (
				"3DModels/left insole.usdz",
				"3DModels/right insole.usdz",
				Assets.xcassets,
				BrilliantSoleSwiftDemoApp.swift,
				ContentView.swift,
				Images.xcassets,
				Views/DevicePair/DevicePair.swift,
				Views/Devices/Device/BatterySection.swift,
				Views/Devices/Device/DeviceInformationSection.swift,
				Views/Devices/Device/DeviceView.swift,
				Views/Devices/Device/Examples/CenterOfPressure/CenterOfPressureExample.swift,
				Views/Devices/Device/Examples/CenterOfPressure/CenterOfPressureView.swift,
				Views/Devices/Device/Examples/Example.swift,
				Views/Devices/Device/Examples/ExamplesSection.swift,
				Views/Devices/Device/Examples/Motion/ModelView.swift,
				Views/Devices/Device/Examples/Motion/MotionExample.swift,
				Views/Devices/Device/Examples/Motion/RotationModePicker.swift,
				Views/Devices/Device/Examples/Motion/TranslationModePicker.swift,
				Views/Devices/Device/Examples/Pressure/PressureExample.swift,
				Views/Devices/Device/Examples/Pressure/PressureModePicker.swift,
				Views/Devices/Device/Examples/Pressure/PressureView.swift,
				Views/Devices/Device/Examples/Vibration/VibrationConfigurationView.swift,
				Views/Devices/Device/Examples/Vibration/VibrationExample.swift,
				Views/Devices/Device/Examples/Vibration/Waveform/VibrationWaveformConfigurationView.swift,
				Views/Devices/Device/Examples/Vibration/Waveform/VibrationWaveformSegmentView.swift,
				Views/Devices/Device/Examples/Vibration/WaveformEffect/AllVibrationWaveformEffectsView.swift,
				Views/Devices/Device/Examples/Vibration/WaveformEffect/VibrationWaveformEffectConfigurationView.swift,
				Views/Devices/Device/Examples/Vibration/WaveformEffect/VibrationWaveformEffectSegmentView.swift,
				Views/Devices/Device/InformationSection.swift,
				Views/Devices/Device/SensorsSection.swift,
				Views/Devices/DeviceRow/DeviceRow.swift,
				Views/Devices/DeviceRow/DeviceRowConnection.swift,
				Views/Devices/DeviceRow/DeviceRowHeader.swift,
				Views/Devices/DeviceRow/DeviceRowStatus.swift,
				Views/Devices/Devices.swift,
				Views/Scanner/DiscoveredDeviceRow/DiscoveredDeviceRow.swift,
				Views/Scanner/DiscoveredDeviceRow/DiscoveredDeviceRowConnection.swift,
				Views/Scanner/DiscoveredDeviceRow/DiscoveredDeviceRowHeader.swift,
				Views/Scanner/DiscoveredDeviceRow/DiscoveredDeviceRowStatus.swift,
				Views/Scanner/Scanner.swift,
				Views/Scanner/UdpClient.swift,
				Views/Utils/ConnectableButton.swift,
				Views/Utils/LabelSpacing.swift,
				Views/Utils/NavigationManager.swift,
				Views/Utils/PlatformUtils.swift,
				Views/Utils/VibrationConfigurationsEnvironment.swift,
				Views/Utils/ViewModifier.swift,
			);
			target = 5F8EA8552D59653700B81545 /* (Mac) BrilliantSole Demo */;
		};
		5F8EA8E92D5968B300B81545 /* Exceptions for "(Shared) BrilliantSole Demo" folder in "(TV) BrilliantSole Demo" target */ = {
			isa = PBXFileSystemSynchronizedBuildFileExceptionSet;
			membershipExceptions = (
				"3DModels/left insole.usdz",
				"3DModels/right insole.usdz",
				BrilliantSoleSwiftDemoApp.swift,
				ContentView.swift,
				Images.xcassets,
				Views/DevicePair/DevicePair.swift,
				Views/Devices/Device/BatterySection.swift,
				Views/Devices/Device/DeviceInformationSection.swift,
				Views/Devices/Device/DeviceView.swift,
				Views/Devices/Device/Examples/CenterOfPressure/CenterOfPressureExample.swift,
				Views/Devices/Device/Examples/CenterOfPressure/CenterOfPressureView.swift,
				Views/Devices/Device/Examples/Example.swift,
				Views/Devices/Device/Examples/ExamplesSection.swift,
				Views/Devices/Device/Examples/Motion/ModelView.swift,
				Views/Devices/Device/Examples/Motion/MotionExample.swift,
				Views/Devices/Device/Examples/Motion/RotationModePicker.swift,
				Views/Devices/Device/Examples/Motion/TranslationModePicker.swift,
				Views/Devices/Device/Examples/Pressure/PressureExample.swift,
				Views/Devices/Device/Examples/Pressure/PressureModePicker.swift,
				Views/Devices/Device/Examples/Pressure/PressureView.swift,
				Views/Devices/Device/Examples/Vibration/VibrationConfigurationView.swift,
				Views/Devices/Device/Examples/Vibration/VibrationExample.swift,
				Views/Devices/Device/Examples/Vibration/Waveform/VibrationWaveformConfigurationView.swift,
				Views/Devices/Device/Examples/Vibration/Waveform/VibrationWaveformSegmentView.swift,
				Views/Devices/Device/Examples/Vibration/WaveformEffect/AllVibrationWaveformEffectsView.swift,
				Views/Devices/Device/Examples/Vibration/WaveformEffect/VibrationWaveformEffectConfigurationView.swift,
				Views/Devices/Device/Examples/Vibration/WaveformEffect/VibrationWaveformEffectSegmentView.swift,
				Views/Devices/Device/InformationSection.swift,
				Views/Devices/Device/SensorsSection.swift,
				Views/Devices/DeviceRow/DeviceRow.swift,
				Views/Devices/DeviceRow/DeviceRowConnection.swift,
				Views/Devices/DeviceRow/DeviceRowHeader.swift,
				Views/Devices/DeviceRow/DeviceRowStatus.swift,
				Views/Devices/Devices.swift,
				Views/Scanner/DiscoveredDeviceRow/DiscoveredDeviceRow.swift,
				Views/Scanner/DiscoveredDeviceRow/DiscoveredDeviceRowConnection.swift,
				Views/Scanner/DiscoveredDeviceRow/DiscoveredDeviceRowHeader.swift,
				Views/Scanner/DiscoveredDeviceRow/DiscoveredDeviceRowStatus.swift,
				Views/Scanner/Scanner.swift,
				Views/Scanner/UdpClient.swift,
				Views/Utils/ConnectableButton.swift,
				Views/Utils/LabelSpacing.swift,
				Views/Utils/NavigationManager.swift,
				Views/Utils/PlatformUtils.swift,
				Views/Utils/VibrationConfigurationsEnvironment.swift,
				Views/Utils/ViewModifier.swift,
			);
			target = 5F8EA8BC2D59663100B81545 /* (TV) BrilliantSole Demo */;
		};
		5F8EA8EA2D5968B300B81545 /* Exceptions for "(Shared) BrilliantSole Demo" folder in "(VisionOS) BrilliantSole Demo" target */ = {
			isa = PBXFileSystemSynchronizedBuildFileExceptionSet;
			membershipExceptions = (
				"3DModels/left insole.usdz",
				"3DModels/right insole.usdz",
				BrilliantSoleSwiftDemoApp.swift,
				ContentView.swift,
				Images.xcassets,
				Views/DevicePair/DevicePair.swift,
				Views/Devices/Device/BatterySection.swift,
				Views/Devices/Device/DeviceInformationSection.swift,
				Views/Devices/Device/DeviceView.swift,
				Views/Devices/Device/Examples/CenterOfPressure/CenterOfPressureExample.swift,
				Views/Devices/Device/Examples/CenterOfPressure/CenterOfPressureView.swift,
				Views/Devices/Device/Examples/Example.swift,
				Views/Devices/Device/Examples/ExamplesSection.swift,
				Views/Devices/Device/Examples/Motion/ModelView.swift,
				Views/Devices/Device/Examples/Motion/MotionExample.swift,
				Views/Devices/Device/Examples/Motion/RotationModePicker.swift,
				Views/Devices/Device/Examples/Motion/TranslationModePicker.swift,
				Views/Devices/Device/Examples/Pressure/PressureExample.swift,
				Views/Devices/Device/Examples/Pressure/PressureModePicker.swift,
				Views/Devices/Device/Examples/Pressure/PressureView.swift,
				Views/Devices/Device/Examples/Vibration/VibrationConfigurationView.swift,
				Views/Devices/Device/Examples/Vibration/VibrationExample.swift,
				Views/Devices/Device/Examples/Vibration/Waveform/VibrationWaveformConfigurationView.swift,
				Views/Devices/Device/Examples/Vibration/Waveform/VibrationWaveformSegmentView.swift,
				Views/Devices/Device/Examples/Vibration/WaveformEffect/AllVibrationWaveformEffectsView.swift,
				Views/Devices/Device/Examples/Vibration/WaveformEffect/VibrationWaveformEffectConfigurationView.swift,
				Views/Devices/Device/Examples/Vibration/WaveformEffect/VibrationWaveformEffectSegmentView.swift,
				Views/Devices/Device/InformationSection.swift,
				Views/Devices/Device/SensorsSection.swift,
				Views/Devices/DeviceRow/DeviceRow.swift,
				Views/Devices/DeviceRow/DeviceRowConnection.swift,
				Views/Devices/DeviceRow/DeviceRowHeader.swift,
				Views/Devices/DeviceRow/DeviceRowStatus.swift,
				Views/Devices/Devices.swift,
				Views/Scanner/DiscoveredDeviceRow/DiscoveredDeviceRow.swift,
				Views/Scanner/DiscoveredDeviceRow/DiscoveredDeviceRowConnection.swift,
				Views/Scanner/DiscoveredDeviceRow/DiscoveredDeviceRowHeader.swift,
				Views/Scanner/DiscoveredDeviceRow/DiscoveredDeviceRowStatus.swift,
				Views/Scanner/Scanner.swift,
				Views/Scanner/UdpClient.swift,
				Views/Utils/ConnectableButton.swift,
				Views/Utils/LabelSpacing.swift,
				Views/Utils/NavigationManager.swift,
				Views/Utils/PlatformUtils.swift,
				Views/Utils/VibrationConfigurationsEnvironment.swift,
				Views/Utils/ViewModifier.swift,
			);
			target = 5F8EA8CE2D59665300B81545 /* (VisionOS) BrilliantSole Demo */;
		};
		5F8EA9E72D59AFD200B81545 /* Exceptions for "(Shared) BrilliantSole Demo" folder in "(Watch) BrilliantSole Demo" target */ = {
			isa = PBXFileSystemSynchronizedBuildFileExceptionSet;
			membershipExceptions = (
				"3DModels/left insole.usdz",
				"3DModels/right insole.usdz",
				Assets.xcassets,
				BrilliantSoleSwiftDemoApp.swift,
				ContentView.swift,
				Images.xcassets,
				Views/DevicePair/DevicePair.swift,
				Views/Devices/Device/BatterySection.swift,
				Views/Devices/Device/DeviceInformationSection.swift,
				Views/Devices/Device/DeviceView.swift,
				Views/Devices/Device/Examples/CenterOfPressure/CenterOfPressureExample.swift,
				Views/Devices/Device/Examples/CenterOfPressure/CenterOfPressureView.swift,
				Views/Devices/Device/Examples/Example.swift,
				Views/Devices/Device/Examples/ExamplesSection.swift,
				Views/Devices/Device/Examples/Motion/ModelView.swift,
				Views/Devices/Device/Examples/Motion/MotionExample.swift,
				Views/Devices/Device/Examples/Pressure/PressureExample.swift,
				Views/Devices/Device/Examples/Pressure/PressureView.swift,
				Views/Devices/Device/Examples/Vibration/VibrationConfigurationView.swift,
				Views/Devices/Device/Examples/Vibration/VibrationExample.swift,
				Views/Devices/Device/Examples/Vibration/Waveform/VibrationWaveformConfigurationView.swift,
				Views/Devices/Device/Examples/Vibration/Waveform/VibrationWaveformSegmentView.swift,
				Views/Devices/Device/Examples/Vibration/WaveformEffect/AllVibrationWaveformEffectsView.swift,
				Views/Devices/Device/Examples/Vibration/WaveformEffect/VibrationWaveformEffectConfigurationView.swift,
				Views/Devices/Device/Examples/Vibration/WaveformEffect/VibrationWaveformEffectSegmentView.swift,
				Views/Devices/Device/InformationSection.swift,
				Views/Devices/Device/SensorsSection.swift,
				Views/Devices/DeviceRow/DeviceRowHeader.swift,
				Views/Devices/DeviceRow/DeviceRowStatus.swift,
				Views/Devices/Devices.swift,
				Views/Scanner/DiscoveredDeviceRow/DiscoveredDeviceRowHeader.swift,
				Views/Scanner/DiscoveredDeviceRow/DiscoveredDeviceRowStatus.swift,
				Views/Scanner/Scanner.swift,
				Views/Scanner/UdpClient.swift,
				Views/Utils/LabelSpacing.swift,
				Views/Utils/NavigationManager.swift,
				Views/Utils/PlatformUtils.swift,
				Views/Utils/VibrationConfigurationsEnvironment.swift,
				Views/Utils/ViewModifier.swift,
			);
			target = 5F8EA9D22D59AF9B00B81545 /* (Watch) BrilliantSole Demo */;
		};
/* End PBXFileSystemSynchronizedBuildFileExceptionSet section */

/* Begin PBXFileSystemSynchronizedRootGroup section */
		5F8EA8292D59651400B81545 /* (iOS) BrilliantSole Demo */ = {
			isa = PBXFileSystemSynchronizedRootGroup;
			path = "(iOS) BrilliantSole Demo";
			sourceTree = "<group>";
		};
		5F8EA8572D59653700B81545 /* (Mac) BrilliantSole Demo */ = {
			isa = PBXFileSystemSynchronizedRootGroup;
			path = "(Mac) BrilliantSole Demo";
			sourceTree = "<group>";
		};
		5F8EA8BE2D59663100B81545 /* (TV) BrilliantSole Demo */ = {
			isa = PBXFileSystemSynchronizedRootGroup;
			path = "(TV) BrilliantSole Demo";
			sourceTree = "<group>";
		};
		5F8EA8D02D59665300B81545 /* (VisionOS) BrilliantSole Demo */ = {
			isa = PBXFileSystemSynchronizedRootGroup;
			path = "(VisionOS) BrilliantSole Demo";
			sourceTree = "<group>";
		};
		5F8EA9D42D59AF9B00B81545 /* (Watch) BrilliantSole Demo */ = {
			isa = PBXFileSystemSynchronizedRootGroup;
			path = "(Watch) BrilliantSole Demo";
			sourceTree = "<group>";
		};
		5FA4ACF82D5B0BCD000EA421 /* (Shared) BrilliantSole Widget */ = {
			isa = PBXFileSystemSynchronizedRootGroup;
			path = "(Shared) BrilliantSole Widget";
			sourceTree = "<group>";
		};
		5FBC346B2D38722100B0DB20 /* (Shared) BrilliantSole Demo */ = {
			isa = PBXFileSystemSynchronizedRootGroup;
			exceptions = (
				5F8EA8E72D5968B300B81545 /* Exceptions for "(Shared) BrilliantSole Demo" folder in "(iOS) BrilliantSole Demo" target */,
				5F8EA8E82D5968B300B81545 /* Exceptions for "(Shared) BrilliantSole Demo" folder in "(Mac) BrilliantSole Demo" target */,
				5F8EA8E92D5968B300B81545 /* Exceptions for "(Shared) BrilliantSole Demo" folder in "(TV) BrilliantSole Demo" target */,
				5F8EA8EA2D5968B300B81545 /* Exceptions for "(Shared) BrilliantSole Demo" folder in "(VisionOS) BrilliantSole Demo" target */,
				5F8EA9E72D59AFD200B81545 /* Exceptions for "(Shared) BrilliantSole Demo" folder in "(Watch) BrilliantSole Demo" target */,
			);
			path = "(Shared) BrilliantSole Demo";
			sourceTree = "<group>";
		};
/* End PBXFileSystemSynchronizedRootGroup section */

/* Begin PBXFrameworksBuildPhase section */
		5F8EA8252D59651400B81545 /* Frameworks */ = {
			isa = PBXFrameworksBuildPhase;
			buildActionMask = 2147483647;
			files = (
				5F8EA9152D59696F00B81545 /* BrilliantSole in Frameworks */,
			);
			runOnlyForDeploymentPostprocessing = 0;
		};
		5F8EA8532D59653700B81545 /* Frameworks */ = {
			isa = PBXFrameworksBuildPhase;
			buildActionMask = 2147483647;
			files = (
				5F8EA9172D59697300B81545 /* BrilliantSole in Frameworks */,
			);
			runOnlyForDeploymentPostprocessing = 0;
		};
		5F8EA8BA2D59663100B81545 /* Frameworks */ = {
			isa = PBXFrameworksBuildPhase;
			buildActionMask = 2147483647;
			files = (
				5F8EA9132D59696600B81545 /* BrilliantSole in Frameworks */,
			);
			runOnlyForDeploymentPostprocessing = 0;
		};
		5F8EA8CC2D59665300B81545 /* Frameworks */ = {
			isa = PBXFrameworksBuildPhase;
			buildActionMask = 2147483647;
			files = (
				5F8EA9112D59696300B81545 /* BrilliantSole in Frameworks */,
			);
			runOnlyForDeploymentPostprocessing = 0;
		};
		5F8EA9D02D59AF9B00B81545 /* Frameworks */ = {
			isa = PBXFrameworksBuildPhase;
			buildActionMask = 2147483647;
			files = (
				5F8EAA482D59B32100B81545 /* BrilliantSole in Frameworks */,
			);
			runOnlyForDeploymentPostprocessing = 0;
		};
/* End PBXFrameworksBuildPhase section */

/* Begin PBXGroup section */
		5F8910DB2D3B84540097BBFC /* Frameworks */ = {
			isa = PBXGroup;
			children = (
			);
			name = Frameworks;
			sourceTree = "<group>";
		};
		5F8EA8D12D59665300B81545 /* Packages */ = {
			isa = PBXGroup;
			children = (
			);
			path = Packages;
			sourceTree = "<group>";
		};
		5FBC34602D38722100B0DB20 = {
			isa = PBXGroup;
			children = (
				5F8EA8222D5963CF00B81545 /* TODO */,
				5FBC346B2D38722100B0DB20 /* (Shared) BrilliantSole Demo */,
				5F8EA8292D59651400B81545 /* (iOS) BrilliantSole Demo */,
				5F8EA8572D59653700B81545 /* (Mac) BrilliantSole Demo */,
				5F8EA8BE2D59663100B81545 /* (TV) BrilliantSole Demo */,
				5F8EA8D02D59665300B81545 /* (VisionOS) BrilliantSole Demo */,
				5F8EA9D42D59AF9B00B81545 /* (Watch) BrilliantSole Demo */,
				5FA4ACF82D5B0BCD000EA421 /* (Shared) BrilliantSole Widget */,
				5F8910DB2D3B84540097BBFC /* Frameworks */,
				5F8EA8D12D59665300B81545 /* Packages */,
				5FBC346A2D38722100B0DB20 /* Products */,
			);
			sourceTree = "<group>";
		};
		5FBC346A2D38722100B0DB20 /* Products */ = {
			isa = PBXGroup;
			children = (
				5F8EA8282D59651400B81545 /* (iOS) BrilliantSole Demo.app */,
				5F8EA8562D59653700B81545 /* (Mac) BrilliantSole Demo.app */,
				5F8EA8BD2D59663100B81545 /* (TV) BrilliantSole Demo.app */,
				5F8EA8CF2D59665300B81545 /* (VisionOS) BrilliantSole Demo.app */,
				5F8EA9D32D59AF9B00B81545 /* (Watch) BrilliantSole Demo.app */,
			);
			name = Products;
			sourceTree = "<group>";
		};
/* End PBXGroup section */

/* Begin PBXNativeTarget section */
		5F8EA8272D59651400B81545 /* (iOS) BrilliantSole Demo */ = {
			isa = PBXNativeTarget;
			buildConfigurationList = 5F8EA8492D59651500B81545 /* Build configuration list for PBXNativeTarget "(iOS) BrilliantSole Demo" */;
			buildPhases = (
				5F8EA8242D59651400B81545 /* Sources */,
				5F8EA8252D59651400B81545 /* Frameworks */,
				5F8EA8262D59651400B81545 /* Resources */,
				5F8EA9E12D59AF9C00B81545 /* Embed Watch Content */,
			);
			buildRules = (
			);
			dependencies = (
				5F8EA9DF2D59AF9C00B81545 /* PBXTargetDependency */,
			);
			fileSystemSynchronizedGroups = (
				5F8EA8292D59651400B81545 /* (iOS) BrilliantSole Demo */,
			);
			name = "(iOS) BrilliantSole Demo";
			packageProductDependencies = (
				5F8EA9142D59696F00B81545 /* BrilliantSole */,
			);
			productName = "BrilliantSole Demo iOS";
			productReference = 5F8EA8282D59651400B81545 /* (iOS) BrilliantSole Demo.app */;
			productType = "com.apple.product-type.application";
		};
		5F8EA8552D59653700B81545 /* (Mac) BrilliantSole Demo */ = {
			isa = PBXNativeTarget;
			buildConfigurationList = 5F8EA8622D59653800B81545 /* Build configuration list for PBXNativeTarget "(Mac) BrilliantSole Demo" */;
			buildPhases = (
				5F8EA8522D59653700B81545 /* Sources */,
				5F8EA8532D59653700B81545 /* Frameworks */,
				5F8EA8542D59653700B81545 /* Resources */,
			);
			buildRules = (
			);
			dependencies = (
			);
			fileSystemSynchronizedGroups = (
				5F8EA8572D59653700B81545 /* (Mac) BrilliantSole Demo */,
			);
			name = "(Mac) BrilliantSole Demo";
			packageProductDependencies = (
				5F8EA9162D59697300B81545 /* BrilliantSole */,
			);
			productName = "BrilliantSole Demo Mac";
			productReference = 5F8EA8562D59653700B81545 /* (Mac) BrilliantSole Demo.app */;
			productType = "com.apple.product-type.application";
		};
		5F8EA8BC2D59663100B81545 /* (TV) BrilliantSole Demo */ = {
			isa = PBXNativeTarget;
			buildConfigurationList = 5F8EA8C82D59663200B81545 /* Build configuration list for PBXNativeTarget "(TV) BrilliantSole Demo" */;
			buildPhases = (
				5F8EA8B92D59663100B81545 /* Sources */,
				5F8EA8BA2D59663100B81545 /* Frameworks */,
				5F8EA8BB2D59663100B81545 /* Resources */,
			);
			buildRules = (
			);
			dependencies = (
			);
			fileSystemSynchronizedGroups = (
				5F8EA8BE2D59663100B81545 /* (TV) BrilliantSole Demo */,
			);
			name = "(TV) BrilliantSole Demo";
			packageProductDependencies = (
				5F8EA9122D59696600B81545 /* BrilliantSole */,
			);
			productName = "BrilliantSole Demo TV";
			productReference = 5F8EA8BD2D59663100B81545 /* (TV) BrilliantSole Demo.app */;
			productType = "com.apple.product-type.application";
		};
		5F8EA8CE2D59665300B81545 /* (VisionOS) BrilliantSole Demo */ = {
			isa = PBXNativeTarget;
			buildConfigurationList = 5F8EA8E02D59665500B81545 /* Build configuration list for PBXNativeTarget "(VisionOS) BrilliantSole Demo" */;
			buildPhases = (
				5F8EA8CB2D59665300B81545 /* Sources */,
				5F8EA8CC2D59665300B81545 /* Frameworks */,
				5F8EA8CD2D59665300B81545 /* Resources */,
			);
			buildRules = (
			);
			dependencies = (
			);
			fileSystemSynchronizedGroups = (
				5F8EA8D02D59665300B81545 /* (VisionOS) BrilliantSole Demo */,
			);
			name = "(VisionOS) BrilliantSole Demo";
			packageProductDependencies = (
				5F8EA9102D59696300B81545 /* BrilliantSole */,
			);
			productName = "BrilliantSole Demo VisionOS";
			productReference = 5F8EA8CF2D59665300B81545 /* (VisionOS) BrilliantSole Demo.app */;
			productType = "com.apple.product-type.application";
		};
		5F8EA9D22D59AF9B00B81545 /* (Watch) BrilliantSole Demo */ = {
			isa = PBXNativeTarget;
			buildConfigurationList = 5F8EA9E42D59AF9C00B81545 /* Build configuration list for PBXNativeTarget "(Watch) BrilliantSole Demo" */;
			buildPhases = (
				5F8EA9CF2D59AF9B00B81545 /* Sources */,
				5F8EA9D02D59AF9B00B81545 /* Frameworks */,
				5F8EA9D12D59AF9B00B81545 /* Resources */,
			);
			buildRules = (
			);
			dependencies = (
			);
			fileSystemSynchronizedGroups = (
				5F8EA9D42D59AF9B00B81545 /* (Watch) BrilliantSole Demo */,
			);
			name = "(Watch) BrilliantSole Demo";
			packageProductDependencies = (
				5F8EAA472D59B32100B81545 /* BrilliantSole */,
			);
			productName = "BrilliantSole Demo Watch App";
			productReference = 5F8EA9D32D59AF9B00B81545 /* (Watch) BrilliantSole Demo.app */;
			productType = "com.apple.product-type.application";
		};
/* End PBXNativeTarget section */

/* Begin PBXProject section */
		5FBC34612D38722100B0DB20 /* Project object */ = {
			isa = PBXProject;
			attributes = {
				BuildIndependentTargetsInParallel = 1;
				LastSwiftUpdateCheck = 1620;
				LastUpgradeCheck = 1620;
				TargetAttributes = {
					5F8EA8272D59651400B81545 = {
						CreatedOnToolsVersion = 16.2;
					};
					5F8EA8552D59653700B81545 = {
						CreatedOnToolsVersion = 16.2;
					};
					5F8EA8BC2D59663100B81545 = {
						CreatedOnToolsVersion = 16.2;
					};
					5F8EA8CE2D59665300B81545 = {
						CreatedOnToolsVersion = 16.2;
					};
					5F8EA9D22D59AF9B00B81545 = {
						CreatedOnToolsVersion = 16.2;
					};
				};
			};
			buildConfigurationList = 5FBC34642D38722100B0DB20 /* Build configuration list for PBXProject "BrilliantSoleSwiftDemo" */;
			developmentRegion = en;
			hasScannedForEncodings = 0;
			knownRegions = (
				en,
				Base,
			);
			mainGroup = 5FBC34602D38722100B0DB20;
			minimizedProjectReferenceProxies = 1;
			packageReferences = (
				5F8EA81D2D595C5400B81545 /* XCLocalSwiftPackageReference "../BrilliantSole-Swift-Package" */,
			);
			preferredProjectObjectVersion = 77;
			productRefGroup = 5FBC346A2D38722100B0DB20 /* Products */;
			projectDirPath = "";
			projectRoot = "";
			targets = (
				5F8EA8272D59651400B81545 /* (iOS) BrilliantSole Demo */,
				5F8EA8552D59653700B81545 /* (Mac) BrilliantSole Demo */,
				5F8EA8BC2D59663100B81545 /* (TV) BrilliantSole Demo */,
				5F8EA8CE2D59665300B81545 /* (VisionOS) BrilliantSole Demo */,
				5F8EA9D22D59AF9B00B81545 /* (Watch) BrilliantSole Demo */,
			);
		};
/* End PBXProject section */

/* Begin PBXResourcesBuildPhase section */
		5F8EA8262D59651400B81545 /* Resources */ = {
			isa = PBXResourcesBuildPhase;
			buildActionMask = 2147483647;
			files = (
			);
			runOnlyForDeploymentPostprocessing = 0;
		};
		5F8EA8542D59653700B81545 /* Resources */ = {
			isa = PBXResourcesBuildPhase;
			buildActionMask = 2147483647;
			files = (
			);
			runOnlyForDeploymentPostprocessing = 0;
		};
		5F8EA8BB2D59663100B81545 /* Resources */ = {
			isa = PBXResourcesBuildPhase;
			buildActionMask = 2147483647;
			files = (
			);
			runOnlyForDeploymentPostprocessing = 0;
		};
		5F8EA8CD2D59665300B81545 /* Resources */ = {
			isa = PBXResourcesBuildPhase;
			buildActionMask = 2147483647;
			files = (
			);
			runOnlyForDeploymentPostprocessing = 0;
		};
		5F8EA9D12D59AF9B00B81545 /* Resources */ = {
			isa = PBXResourcesBuildPhase;
			buildActionMask = 2147483647;
			files = (
			);
			runOnlyForDeploymentPostprocessing = 0;
		};
/* End PBXResourcesBuildPhase section */

/* Begin PBXSourcesBuildPhase section */
		5F8EA8242D59651400B81545 /* Sources */ = {
			isa = PBXSourcesBuildPhase;
			buildActionMask = 2147483647;
			files = (
			);
			runOnlyForDeploymentPostprocessing = 0;
		};
		5F8EA8522D59653700B81545 /* Sources */ = {
			isa = PBXSourcesBuildPhase;
			buildActionMask = 2147483647;
			files = (
			);
			runOnlyForDeploymentPostprocessing = 0;
		};
		5F8EA8B92D59663100B81545 /* Sources */ = {
			isa = PBXSourcesBuildPhase;
			buildActionMask = 2147483647;
			files = (
			);
			runOnlyForDeploymentPostprocessing = 0;
		};
		5F8EA8CB2D59665300B81545 /* Sources */ = {
			isa = PBXSourcesBuildPhase;
			buildActionMask = 2147483647;
			files = (
			);
			runOnlyForDeploymentPostprocessing = 0;
		};
		5F8EA9CF2D59AF9B00B81545 /* Sources */ = {
			isa = PBXSourcesBuildPhase;
			buildActionMask = 2147483647;
			files = (
			);
			runOnlyForDeploymentPostprocessing = 0;
		};
/* End PBXSourcesBuildPhase section */

/* Begin PBXTargetDependency section */
		5F8EA9DF2D59AF9C00B81545 /* PBXTargetDependency */ = {
			isa = PBXTargetDependency;
			target = 5F8EA9D22D59AF9B00B81545 /* (Watch) BrilliantSole Demo */;
			targetProxy = 5F8EA9DE2D59AF9C00B81545 /* PBXContainerItemProxy */;
		};
/* End PBXTargetDependency section */

/* Begin XCBuildConfiguration section */
		5F8EA84A2D59651500B81545 /* Debug */ = {
			isa = XCBuildConfiguration;
			buildSettings = {
				ASSETCATALOG_COMPILER_APPICON_NAME = AppIcon;
				ASSETCATALOG_COMPILER_GLOBAL_ACCENT_COLOR_NAME = AccentColor;
				ASSETCATALOG_COMPILER_INCLUDE_ALL_APPICON_ASSETS = NO;
				CODE_SIGN_STYLE = Automatic;
				CURRENT_PROJECT_VERSION = 1;
				DEVELOPMENT_ASSET_PATHS = "";
				DEVELOPMENT_TEAM = KT7J75V2U8;
				ENABLE_PREVIEWS = YES;
				GENERATE_INFOPLIST_FILE = YES;
				INFOPLIST_KEY_CFBundleDisplayName = "BrilliantSole Demo";
				INFOPLIST_KEY_LSApplicationCategoryType = "public.app-category.developer-tools";
				INFOPLIST_KEY_NSBluetoothAlwaysUsageDescription = "We use bluetooth to discover and connecto to BrilliantSole devices";
				INFOPLIST_KEY_NSBluetoothPeripheralUsageDescription = "We use bluetooth to discover and connecto to BrilliantSole devices";
				INFOPLIST_KEY_NSLocalNetworkUsageDescription = "We look for nearby devices";
				INFOPLIST_KEY_UIApplicationSceneManifest_Generation = YES;
				INFOPLIST_KEY_UIApplicationSupportsIndirectInputEvents = YES;
				INFOPLIST_KEY_UILaunchScreen_Generation = YES;
				INFOPLIST_KEY_UISupportedInterfaceOrientations_iPad = "UIInterfaceOrientationPortrait UIInterfaceOrientationPortraitUpsideDown UIInterfaceOrientationLandscapeLeft UIInterfaceOrientationLandscapeRight";
				INFOPLIST_KEY_UISupportedInterfaceOrientations_iPhone = "UIInterfaceOrientationPortrait UIInterfaceOrientationLandscapeLeft UIInterfaceOrientationLandscapeRight";
				IPHONEOS_DEPLOYMENT_TARGET = 17.6;
				LD_RUNPATH_SEARCH_PATHS = (
					"$(inherited)",
					"@executable_path/Frameworks",
				);
				MARKETING_VERSION = 1.0;
				PRODUCT_BUNDLE_IDENTIFIER = "com.BrilliantSole.BrilliantSole-Demo-iOS";
				PRODUCT_NAME = "$(TARGET_NAME)";
				SDKROOT = iphoneos;
				SUPPORTED_PLATFORMS = "iphoneos iphonesimulator";
				SUPPORTS_MACCATALYST = NO;
				SUPPORTS_MAC_DESIGNED_FOR_IPHONE_IPAD = NO;
				SUPPORTS_XR_DESIGNED_FOR_IPHONE_IPAD = NO;
				SWIFT_EMIT_LOC_STRINGS = YES;
				SWIFT_VERSION = 5.0;
				TARGETED_DEVICE_FAMILY = "1,2";
			};
			name = Debug;
		};
		5F8EA84B2D59651500B81545 /* Release */ = {
			isa = XCBuildConfiguration;
			buildSettings = {
				ASSETCATALOG_COMPILER_APPICON_NAME = AppIcon;
				ASSETCATALOG_COMPILER_GLOBAL_ACCENT_COLOR_NAME = AccentColor;
				ASSETCATALOG_COMPILER_INCLUDE_ALL_APPICON_ASSETS = NO;
				CODE_SIGN_STYLE = Automatic;
				CURRENT_PROJECT_VERSION = 1;
				DEVELOPMENT_ASSET_PATHS = "";
				DEVELOPMENT_TEAM = KT7J75V2U8;
				ENABLE_PREVIEWS = YES;
				GENERATE_INFOPLIST_FILE = YES;
				INFOPLIST_KEY_CFBundleDisplayName = "BrilliantSole Demo";
				INFOPLIST_KEY_LSApplicationCategoryType = "public.app-category.developer-tools";
				INFOPLIST_KEY_NSBluetoothAlwaysUsageDescription = "We use bluetooth to discover and connecto to BrilliantSole devices";
				INFOPLIST_KEY_NSBluetoothPeripheralUsageDescription = "We use bluetooth to discover and connecto to BrilliantSole devices";
				INFOPLIST_KEY_NSLocalNetworkUsageDescription = "We look for nearby devices";
				INFOPLIST_KEY_UIApplicationSceneManifest_Generation = YES;
				INFOPLIST_KEY_UIApplicationSupportsIndirectInputEvents = YES;
				INFOPLIST_KEY_UILaunchScreen_Generation = YES;
				INFOPLIST_KEY_UISupportedInterfaceOrientations_iPad = "UIInterfaceOrientationPortrait UIInterfaceOrientationPortraitUpsideDown UIInterfaceOrientationLandscapeLeft UIInterfaceOrientationLandscapeRight";
				INFOPLIST_KEY_UISupportedInterfaceOrientations_iPhone = "UIInterfaceOrientationPortrait UIInterfaceOrientationLandscapeLeft UIInterfaceOrientationLandscapeRight";
				IPHONEOS_DEPLOYMENT_TARGET = 17.6;
				LD_RUNPATH_SEARCH_PATHS = (
					"$(inherited)",
					"@executable_path/Frameworks",
				);
				MARKETING_VERSION = 1.0;
				PRODUCT_BUNDLE_IDENTIFIER = "com.BrilliantSole.BrilliantSole-Demo-iOS";
				PRODUCT_NAME = "$(TARGET_NAME)";
				SDKROOT = iphoneos;
				SUPPORTED_PLATFORMS = "iphoneos iphonesimulator";
				SUPPORTS_MACCATALYST = NO;
				SUPPORTS_MAC_DESIGNED_FOR_IPHONE_IPAD = NO;
				SUPPORTS_XR_DESIGNED_FOR_IPHONE_IPAD = NO;
				SWIFT_EMIT_LOC_STRINGS = YES;
				SWIFT_VERSION = 5.0;
				TARGETED_DEVICE_FAMILY = "1,2";
				VALIDATE_PRODUCT = YES;
			};
			name = Release;
		};
		5F8EA8632D59653800B81545 /* Debug */ = {
			isa = XCBuildConfiguration;
			buildSettings = {
				ASSETCATALOG_COMPILER_APPICON_NAME = AppIcon;
				ASSETCATALOG_COMPILER_GLOBAL_ACCENT_COLOR_NAME = AccentColor;
				CODE_SIGN_ENTITLEMENTS = "(Mac) BrilliantSole Demo/BrilliantSole_Demo_Mac.entitlements";
				CODE_SIGN_STYLE = Automatic;
				COMBINE_HIDPI_IMAGES = YES;
				CURRENT_PROJECT_VERSION = 1;
				DEVELOPMENT_ASSET_PATHS = "";
				DEVELOPMENT_TEAM = KT7J75V2U8;
				ENABLE_HARDENED_RUNTIME = YES;
				ENABLE_PREVIEWS = YES;
				GENERATE_INFOPLIST_FILE = YES;
				INFOPLIST_FILE = "-Mac--BrilliantSole-Demo-Info.plist";
				INFOPLIST_KEY_CFBundleDisplayName = "BrilliantSole Demo";
				INFOPLIST_KEY_LSApplicationCategoryType = "public.app-category.developer-tools";
				INFOPLIST_KEY_NSBluetoothAlwaysUsageDescription = "We use bluetooth to discover and connecto to BrilliantSole devices";
				INFOPLIST_KEY_NSBluetoothPeripheralUsageDescription = "We use bluetooth to discover and connecto to BrilliantSole devices";
				INFOPLIST_KEY_NSHumanReadableCopyright = "Brilliant Sole";
				INFOPLIST_KEY_NSLocalNetworkUsageDescription = "We look for nearby devices";
				LD_RUNPATH_SEARCH_PATHS = (
					"$(inherited)",
					"@executable_path/../Frameworks",
				);
				MACOSX_DEPLOYMENT_TARGET = 15.2;
				MARKETING_VERSION = 1.0;
				PRODUCT_BUNDLE_IDENTIFIER = "com.BrilliantSole.BrilliantSole-Demo-Mac";
				PRODUCT_NAME = "$(TARGET_NAME)";
				SDKROOT = macosx;
				SWIFT_EMIT_LOC_STRINGS = YES;
				SWIFT_VERSION = 5.0;
			};
			name = Debug;
		};
		5F8EA8642D59653800B81545 /* Release */ = {
			isa = XCBuildConfiguration;
			buildSettings = {
				ASSETCATALOG_COMPILER_APPICON_NAME = AppIcon;
				ASSETCATALOG_COMPILER_GLOBAL_ACCENT_COLOR_NAME = AccentColor;
				CODE_SIGN_ENTITLEMENTS = "(Mac) BrilliantSole Demo/BrilliantSole_Demo_Mac.entitlements";
				CODE_SIGN_STYLE = Automatic;
				COMBINE_HIDPI_IMAGES = YES;
				CURRENT_PROJECT_VERSION = 1;
				DEVELOPMENT_ASSET_PATHS = "";
				DEVELOPMENT_TEAM = KT7J75V2U8;
				ENABLE_HARDENED_RUNTIME = YES;
				ENABLE_PREVIEWS = YES;
				GENERATE_INFOPLIST_FILE = YES;
				INFOPLIST_FILE = "-Mac--BrilliantSole-Demo-Info.plist";
				INFOPLIST_KEY_CFBundleDisplayName = "BrilliantSole Demo";
				INFOPLIST_KEY_LSApplicationCategoryType = "public.app-category.developer-tools";
				INFOPLIST_KEY_NSBluetoothAlwaysUsageDescription = "We use bluetooth to discover and connecto to BrilliantSole devices";
				INFOPLIST_KEY_NSBluetoothPeripheralUsageDescription = "We use bluetooth to discover and connecto to BrilliantSole devices";
				INFOPLIST_KEY_NSHumanReadableCopyright = "Brilliant Sole";
				INFOPLIST_KEY_NSLocalNetworkUsageDescription = "We look for nearby devices";
				LD_RUNPATH_SEARCH_PATHS = (
					"$(inherited)",
					"@executable_path/../Frameworks",
				);
				MACOSX_DEPLOYMENT_TARGET = 15.2;
				MARKETING_VERSION = 1.0;
				PRODUCT_BUNDLE_IDENTIFIER = "com.BrilliantSole.BrilliantSole-Demo-Mac";
				PRODUCT_NAME = "$(TARGET_NAME)";
				SDKROOT = macosx;
				SWIFT_EMIT_LOC_STRINGS = YES;
				SWIFT_VERSION = 5.0;
			};
			name = Release;
		};
		5F8EA8C92D59663200B81545 /* Debug */ = {
			isa = XCBuildConfiguration;
			buildSettings = {
				ASSETCATALOG_COMPILER_APPICON_NAME = AppIcon;
				ASSETCATALOG_COMPILER_GLOBAL_ACCENT_COLOR_NAME = AccentColor;
				CODE_SIGN_STYLE = Automatic;
				CURRENT_PROJECT_VERSION = 1;
				DEVELOPMENT_ASSET_PATHS = "";
				DEVELOPMENT_TEAM = KT7J75V2U8;
				ENABLE_PREVIEWS = YES;
				GENERATE_INFOPLIST_FILE = YES;
				INFOPLIST_KEY_CFBundleDisplayName = "BrilliantSole Demo";
				INFOPLIST_KEY_LSApplicationCategoryType = "public.app-category.developer-tools";
				INFOPLIST_KEY_NSBluetoothAlwaysUsageDescription = "We use bluetooth to discover and connecto to BrilliantSole devices";
				INFOPLIST_KEY_NSBluetoothPeripheralUsageDescription = "We use bluetooth to discover and connecto to BrilliantSole devices";
				INFOPLIST_KEY_NSLocalNetworkUsageDescription = "We look for nearby devices";
				INFOPLIST_KEY_UILaunchScreen_Generation = YES;
				INFOPLIST_KEY_UIUserInterfaceStyle = Automatic;
				LD_RUNPATH_SEARCH_PATHS = (
					"$(inherited)",
					"@executable_path/Frameworks",
				);
				MARKETING_VERSION = 1.0;
				PRODUCT_BUNDLE_IDENTIFIER = "com.BrilliantSole.BrilliantSole-Demo-TV";
				PRODUCT_NAME = "$(TARGET_NAME)";
				SDKROOT = appletvos;
				SWIFT_EMIT_LOC_STRINGS = YES;
				SWIFT_VERSION = 5.0;
				TARGETED_DEVICE_FAMILY = 3;
				TVOS_DEPLOYMENT_TARGET = 18.2;
			};
			name = Debug;
		};
		5F8EA8CA2D59663200B81545 /* Release */ = {
			isa = XCBuildConfiguration;
			buildSettings = {
				ASSETCATALOG_COMPILER_APPICON_NAME = AppIcon;
				ASSETCATALOG_COMPILER_GLOBAL_ACCENT_COLOR_NAME = AccentColor;
				CODE_SIGN_STYLE = Automatic;
				CURRENT_PROJECT_VERSION = 1;
				DEVELOPMENT_ASSET_PATHS = "";
				DEVELOPMENT_TEAM = KT7J75V2U8;
				ENABLE_PREVIEWS = YES;
				GENERATE_INFOPLIST_FILE = YES;
				INFOPLIST_KEY_CFBundleDisplayName = "BrilliantSole Demo";
				INFOPLIST_KEY_LSApplicationCategoryType = "public.app-category.developer-tools";
				INFOPLIST_KEY_NSBluetoothAlwaysUsageDescription = "We use bluetooth to discover and connecto to BrilliantSole devices";
				INFOPLIST_KEY_NSBluetoothPeripheralUsageDescription = "We use bluetooth to discover and connecto to BrilliantSole devices";
				INFOPLIST_KEY_NSLocalNetworkUsageDescription = "We look for nearby devices";
				INFOPLIST_KEY_UILaunchScreen_Generation = YES;
				INFOPLIST_KEY_UIUserInterfaceStyle = Automatic;
				LD_RUNPATH_SEARCH_PATHS = (
					"$(inherited)",
					"@executable_path/Frameworks",
				);
				MARKETING_VERSION = 1.0;
				PRODUCT_BUNDLE_IDENTIFIER = "com.BrilliantSole.BrilliantSole-Demo-TV";
				PRODUCT_NAME = "$(TARGET_NAME)";
				SDKROOT = appletvos;
				SWIFT_EMIT_LOC_STRINGS = YES;
				SWIFT_VERSION = 5.0;
				TARGETED_DEVICE_FAMILY = 3;
				TVOS_DEPLOYMENT_TARGET = 18.2;
				VALIDATE_PRODUCT = YES;
			};
			name = Release;
		};
		5F8EA8E12D59665500B81545 /* Debug */ = {
			isa = XCBuildConfiguration;
			buildSettings = {
				ASSETCATALOG_COMPILER_APPICON_NAME = AppIcon;
				ASSETCATALOG_COMPILER_GLOBAL_ACCENT_COLOR_NAME = AccentColor;
				CODE_SIGN_STYLE = Automatic;
				CURRENT_PROJECT_VERSION = 1;
				DEVELOPMENT_ASSET_PATHS = "";
				DEVELOPMENT_TEAM = KT7J75V2U8;
				ENABLE_PREVIEWS = YES;
				GENERATE_INFOPLIST_FILE = YES;
				INFOPLIST_FILE = "-VisionOS--BrilliantSole-Demo-Info.plist";
				INFOPLIST_KEY_CFBundleDisplayName = "BrilliantSole Demo";
				INFOPLIST_KEY_NSBluetoothAlwaysUsageDescription = "We use bluetooth to discover and connecto to BrilliantSole devices";
				INFOPLIST_KEY_NSBluetoothPeripheralUsageDescription = "We use bluetooth to discover and connecto to BrilliantSole devices";
				INFOPLIST_KEY_NSLocalNetworkUsageDescription = "We look for nearby devices";
				LD_RUNPATH_SEARCH_PATHS = (
					"$(inherited)",
					"@executable_path/Frameworks",
				);
				MARKETING_VERSION = 1.0;
				PRODUCT_BUNDLE_IDENTIFIER = "com.BrilliantSole.BrilliantSole-Demo-VisionOS";
				PRODUCT_NAME = "$(TARGET_NAME)";
				SDKROOT = xros;
				SUPPORTED_PLATFORMS = "xros xrsimulator";
				SWIFT_EMIT_LOC_STRINGS = YES;
				SWIFT_VERSION = 5.0;
				TARGETED_DEVICE_FAMILY = 7;
				XROS_DEPLOYMENT_TARGET = 2.2;
			};
			name = Debug;
		};
		5F8EA8E22D59665500B81545 /* Release */ = {
			isa = XCBuildConfiguration;
			buildSettings = {
				ASSETCATALOG_COMPILER_APPICON_NAME = AppIcon;
				ASSETCATALOG_COMPILER_GLOBAL_ACCENT_COLOR_NAME = AccentColor;
				CODE_SIGN_STYLE = Automatic;
				CURRENT_PROJECT_VERSION = 1;
				DEVELOPMENT_ASSET_PATHS = "";
				DEVELOPMENT_TEAM = KT7J75V2U8;
				ENABLE_PREVIEWS = YES;
				GENERATE_INFOPLIST_FILE = YES;
				INFOPLIST_FILE = "-VisionOS--BrilliantSole-Demo-Info.plist";
				INFOPLIST_KEY_CFBundleDisplayName = "BrilliantSole Demo";
				INFOPLIST_KEY_NSBluetoothAlwaysUsageDescription = "We use bluetooth to discover and connecto to BrilliantSole devices";
				INFOPLIST_KEY_NSBluetoothPeripheralUsageDescription = "We use bluetooth to discover and connecto to BrilliantSole devices";
				INFOPLIST_KEY_NSLocalNetworkUsageDescription = "We look for nearby devices";
				LD_RUNPATH_SEARCH_PATHS = (
					"$(inherited)",
					"@executable_path/Frameworks",
				);
				MARKETING_VERSION = 1.0;
				PRODUCT_BUNDLE_IDENTIFIER = "com.BrilliantSole.BrilliantSole-Demo-VisionOS";
				PRODUCT_NAME = "$(TARGET_NAME)";
				SDKROOT = xros;
				SUPPORTED_PLATFORMS = "xros xrsimulator";
				SWIFT_EMIT_LOC_STRINGS = YES;
				SWIFT_VERSION = 5.0;
				TARGETED_DEVICE_FAMILY = 7;
				VALIDATE_PRODUCT = YES;
				XROS_DEPLOYMENT_TARGET = 2.2;
			};
			name = Release;
		};
		5F8EA9E22D59AF9C00B81545 /* Debug */ = {
			isa = XCBuildConfiguration;
			buildSettings = {
				ASSETCATALOG_COMPILER_APPICON_NAME = AppIcon;
				ASSETCATALOG_COMPILER_GLOBAL_ACCENT_COLOR_NAME = AccentColor;
				CODE_SIGN_STYLE = Automatic;
				CURRENT_PROJECT_VERSION = 1;
				DEVELOPMENT_ASSET_PATHS = "";
				DEVELOPMENT_TEAM = KT7J75V2U8;
				ENABLE_PREVIEWS = YES;
				GENERATE_INFOPLIST_FILE = YES;
				INFOPLIST_KEY_CFBundleDisplayName = "BrilliantSole Demo";
				INFOPLIST_KEY_NSBluetoothAlwaysUsageDescription = "We use bluetooth to discover and connecto to BrilliantSole devices";
				INFOPLIST_KEY_NSBluetoothPeripheralUsageDescription = "We use bluetooth to discover and connecto to BrilliantSole devices";
				INFOPLIST_KEY_NSLocalNetworkUsageDescription = "We look for nearby devices";
				INFOPLIST_KEY_UISupportedInterfaceOrientations = "UIInterfaceOrientationPortrait UIInterfaceOrientationPortraitUpsideDown";
				INFOPLIST_KEY_WKCompanionAppBundleIdentifier = "com.BrilliantSole.BrilliantSole-Demo-iOS";
				INFOPLIST_KEY_WKRunsIndependentlyOfCompanionApp = YES;
				LD_RUNPATH_SEARCH_PATHS = (
					"$(inherited)",
					"@executable_path/Frameworks",
				);
				MARKETING_VERSION = 1.0;
				PRODUCT_BUNDLE_IDENTIFIER = "com.BrilliantSole.BrilliantSole-Demo-iOS.watchkitapp";
				PRODUCT_NAME = "$(TARGET_NAME)";
				SDKROOT = watchos;
				SKIP_INSTALL = YES;
				SWIFT_EMIT_LOC_STRINGS = YES;
				SWIFT_VERSION = 5.0;
				TARGETED_DEVICE_FAMILY = 4;
				WATCHOS_DEPLOYMENT_TARGET = 10.6;
			};
			name = Debug;
		};
		5F8EA9E32D59AF9C00B81545 /* Release */ = {
			isa = XCBuildConfiguration;
			buildSettings = {
				ASSETCATALOG_COMPILER_APPICON_NAME = AppIcon;
				ASSETCATALOG_COMPILER_GLOBAL_ACCENT_COLOR_NAME = AccentColor;
				CODE_SIGN_STYLE = Automatic;
				CURRENT_PROJECT_VERSION = 1;
				DEVELOPMENT_ASSET_PATHS = "";
				DEVELOPMENT_TEAM = KT7J75V2U8;
				ENABLE_PREVIEWS = YES;
				GENERATE_INFOPLIST_FILE = YES;
				INFOPLIST_KEY_CFBundleDisplayName = "BrilliantSole Demo";
				INFOPLIST_KEY_NSBluetoothAlwaysUsageDescription = "We use bluetooth to discover and connecto to BrilliantSole devices";
				INFOPLIST_KEY_NSBluetoothPeripheralUsageDescription = "We use bluetooth to discover and connecto to BrilliantSole devices";
				INFOPLIST_KEY_NSLocalNetworkUsageDescription = "We look for nearby devices";
				INFOPLIST_KEY_UISupportedInterfaceOrientations = "UIInterfaceOrientationPortrait UIInterfaceOrientationPortraitUpsideDown";
				INFOPLIST_KEY_WKCompanionAppBundleIdentifier = "com.BrilliantSole.BrilliantSole-Demo-iOS";
				INFOPLIST_KEY_WKRunsIndependentlyOfCompanionApp = YES;
				LD_RUNPATH_SEARCH_PATHS = (
					"$(inherited)",
					"@executable_path/Frameworks",
				);
				MARKETING_VERSION = 1.0;
				PRODUCT_BUNDLE_IDENTIFIER = "com.BrilliantSole.BrilliantSole-Demo-iOS.watchkitapp";
				PRODUCT_NAME = "$(TARGET_NAME)";
				SDKROOT = watchos;
				SKIP_INSTALL = YES;
				SWIFT_EMIT_LOC_STRINGS = YES;
				SWIFT_VERSION = 5.0;
				TARGETED_DEVICE_FAMILY = 4;
				VALIDATE_PRODUCT = YES;
				WATCHOS_DEPLOYMENT_TARGET = 10.6;
			};
			name = Release;
		};
		5FBC348C2D38722200B0DB20 /* Debug */ = {
			isa = XCBuildConfiguration;
			buildSettings = {
				ALWAYS_SEARCH_USER_PATHS = NO;
				ASSETCATALOG_COMPILER_GENERATE_SWIFT_ASSET_SYMBOL_EXTENSIONS = YES;
				CLANG_ANALYZER_NONNULL = YES;
				CLANG_ANALYZER_NUMBER_OBJECT_CONVERSION = YES_AGGRESSIVE;
				CLANG_CXX_LANGUAGE_STANDARD = "gnu++20";
				CLANG_ENABLE_MODULES = YES;
				CLANG_ENABLE_OBJC_ARC = YES;
				CLANG_ENABLE_OBJC_WEAK = YES;
				CLANG_WARN_BLOCK_CAPTURE_AUTORELEASING = YES;
				CLANG_WARN_BOOL_CONVERSION = YES;
				CLANG_WARN_COMMA = YES;
				CLANG_WARN_CONSTANT_CONVERSION = YES;
				CLANG_WARN_DEPRECATED_OBJC_IMPLEMENTATIONS = YES;
				CLANG_WARN_DIRECT_OBJC_ISA_USAGE = YES_ERROR;
				CLANG_WARN_DOCUMENTATION_COMMENTS = YES;
				CLANG_WARN_EMPTY_BODY = YES;
				CLANG_WARN_ENUM_CONVERSION = YES;
				CLANG_WARN_INFINITE_RECURSION = YES;
				CLANG_WARN_INT_CONVERSION = YES;
				CLANG_WARN_NON_LITERAL_NULL_CONVERSION = YES;
				CLANG_WARN_OBJC_IMPLICIT_RETAIN_SELF = YES;
				CLANG_WARN_OBJC_LITERAL_CONVERSION = YES;
				CLANG_WARN_OBJC_ROOT_CLASS = YES_ERROR;
				CLANG_WARN_QUOTED_INCLUDE_IN_FRAMEWORK_HEADER = YES;
				CLANG_WARN_RANGE_LOOP_ANALYSIS = YES;
				CLANG_WARN_STRICT_PROTOTYPES = YES;
				CLANG_WARN_SUSPICIOUS_MOVE = YES;
				CLANG_WARN_UNGUARDED_AVAILABILITY = YES_AGGRESSIVE;
				CLANG_WARN_UNREACHABLE_CODE = YES;
				CLANG_WARN__DUPLICATE_METHOD_MATCH = YES;
				COPY_PHASE_STRIP = NO;
				DEBUG_INFORMATION_FORMAT = dwarf;
				ENABLE_STRICT_OBJC_MSGSEND = YES;
				ENABLE_TESTABILITY = YES;
				ENABLE_USER_SCRIPT_SANDBOXING = YES;
				GCC_C_LANGUAGE_STANDARD = gnu17;
				GCC_DYNAMIC_NO_PIC = NO;
				GCC_NO_COMMON_BLOCKS = YES;
				GCC_OPTIMIZATION_LEVEL = 0;
				GCC_PREPROCESSOR_DEFINITIONS = (
					"DEBUG=1",
					"$(inherited)",
				);
				GCC_WARN_64_TO_32_BIT_CONVERSION = YES;
				GCC_WARN_ABOUT_RETURN_TYPE = YES_ERROR;
				GCC_WARN_UNDECLARED_SELECTOR = YES;
				GCC_WARN_UNINITIALIZED_AUTOS = YES_AGGRESSIVE;
				GCC_WARN_UNUSED_FUNCTION = YES;
				GCC_WARN_UNUSED_VARIABLE = YES;
				LOCALIZATION_PREFERS_STRING_CATALOGS = YES;
				MTL_ENABLE_DEBUG_INFO = INCLUDE_SOURCE;
				MTL_FAST_MATH = YES;
				ONLY_ACTIVE_ARCH = YES;
				SWIFT_ACTIVE_COMPILATION_CONDITIONS = "DEBUG $(inherited)";
				SWIFT_OPTIMIZATION_LEVEL = "-Onone";
			};
			name = Debug;
		};
		5FBC348D2D38722200B0DB20 /* Release */ = {
			isa = XCBuildConfiguration;
			buildSettings = {
				ALWAYS_SEARCH_USER_PATHS = NO;
				ASSETCATALOG_COMPILER_GENERATE_SWIFT_ASSET_SYMBOL_EXTENSIONS = YES;
				CLANG_ANALYZER_NONNULL = YES;
				CLANG_ANALYZER_NUMBER_OBJECT_CONVERSION = YES_AGGRESSIVE;
				CLANG_CXX_LANGUAGE_STANDARD = "gnu++20";
				CLANG_ENABLE_MODULES = YES;
				CLANG_ENABLE_OBJC_ARC = YES;
				CLANG_ENABLE_OBJC_WEAK = YES;
				CLANG_WARN_BLOCK_CAPTURE_AUTORELEASING = YES;
				CLANG_WARN_BOOL_CONVERSION = YES;
				CLANG_WARN_COMMA = YES;
				CLANG_WARN_CONSTANT_CONVERSION = YES;
				CLANG_WARN_DEPRECATED_OBJC_IMPLEMENTATIONS = YES;
				CLANG_WARN_DIRECT_OBJC_ISA_USAGE = YES_ERROR;
				CLANG_WARN_DOCUMENTATION_COMMENTS = YES;
				CLANG_WARN_EMPTY_BODY = YES;
				CLANG_WARN_ENUM_CONVERSION = YES;
				CLANG_WARN_INFINITE_RECURSION = YES;
				CLANG_WARN_INT_CONVERSION = YES;
				CLANG_WARN_NON_LITERAL_NULL_CONVERSION = YES;
				CLANG_WARN_OBJC_IMPLICIT_RETAIN_SELF = YES;
				CLANG_WARN_OBJC_LITERAL_CONVERSION = YES;
				CLANG_WARN_OBJC_ROOT_CLASS = YES_ERROR;
				CLANG_WARN_QUOTED_INCLUDE_IN_FRAMEWORK_HEADER = YES;
				CLANG_WARN_RANGE_LOOP_ANALYSIS = YES;
				CLANG_WARN_STRICT_PROTOTYPES = YES;
				CLANG_WARN_SUSPICIOUS_MOVE = YES;
				CLANG_WARN_UNGUARDED_AVAILABILITY = YES_AGGRESSIVE;
				CLANG_WARN_UNREACHABLE_CODE = YES;
				CLANG_WARN__DUPLICATE_METHOD_MATCH = YES;
				COPY_PHASE_STRIP = NO;
				DEBUG_INFORMATION_FORMAT = "dwarf-with-dsym";
				ENABLE_NS_ASSERTIONS = NO;
				ENABLE_STRICT_OBJC_MSGSEND = YES;
				ENABLE_USER_SCRIPT_SANDBOXING = YES;
				GCC_C_LANGUAGE_STANDARD = gnu17;
				GCC_NO_COMMON_BLOCKS = YES;
				GCC_WARN_64_TO_32_BIT_CONVERSION = YES;
				GCC_WARN_ABOUT_RETURN_TYPE = YES_ERROR;
				GCC_WARN_UNDECLARED_SELECTOR = YES;
				GCC_WARN_UNINITIALIZED_AUTOS = YES_AGGRESSIVE;
				GCC_WARN_UNUSED_FUNCTION = YES;
				GCC_WARN_UNUSED_VARIABLE = YES;
				LOCALIZATION_PREFERS_STRING_CATALOGS = YES;
				MTL_ENABLE_DEBUG_INFO = NO;
				MTL_FAST_MATH = YES;
				SWIFT_COMPILATION_MODE = wholemodule;
			};
			name = Release;
		};
/* End XCBuildConfiguration section */

/* Begin XCConfigurationList section */
		5F8EA8492D59651500B81545 /* Build configuration list for PBXNativeTarget "(iOS) BrilliantSole Demo" */ = {
			isa = XCConfigurationList;
			buildConfigurations = (
				5F8EA84A2D59651500B81545 /* Debug */,
				5F8EA84B2D59651500B81545 /* Release */,
			);
			defaultConfigurationIsVisible = 0;
			defaultConfigurationName = Release;
		};
		5F8EA8622D59653800B81545 /* Build configuration list for PBXNativeTarget "(Mac) BrilliantSole Demo" */ = {
			isa = XCConfigurationList;
			buildConfigurations = (
				5F8EA8632D59653800B81545 /* Debug */,
				5F8EA8642D59653800B81545 /* Release */,
			);
			defaultConfigurationIsVisible = 0;
			defaultConfigurationName = Release;
		};
		5F8EA8C82D59663200B81545 /* Build configuration list for PBXNativeTarget "(TV) BrilliantSole Demo" */ = {
			isa = XCConfigurationList;
			buildConfigurations = (
				5F8EA8C92D59663200B81545 /* Debug */,
				5F8EA8CA2D59663200B81545 /* Release */,
			);
			defaultConfigurationIsVisible = 0;
			defaultConfigurationName = Release;
		};
		5F8EA8E02D59665500B81545 /* Build configuration list for PBXNativeTarget "(VisionOS) BrilliantSole Demo" */ = {
			isa = XCConfigurationList;
			buildConfigurations = (
				5F8EA8E12D59665500B81545 /* Debug */,
				5F8EA8E22D59665500B81545 /* Release */,
			);
			defaultConfigurationIsVisible = 0;
			defaultConfigurationName = Release;
		};
		5F8EA9E42D59AF9C00B81545 /* Build configuration list for PBXNativeTarget "(Watch) BrilliantSole Demo" */ = {
			isa = XCConfigurationList;
			buildConfigurations = (
				5F8EA9E22D59AF9C00B81545 /* Debug */,
				5F8EA9E32D59AF9C00B81545 /* Release */,
			);
			defaultConfigurationIsVisible = 0;
			defaultConfigurationName = Release;
		};
		5FBC34642D38722100B0DB20 /* Build configuration list for PBXProject "BrilliantSoleSwiftDemo" */ = {
			isa = XCConfigurationList;
			buildConfigurations = (
				5FBC348C2D38722200B0DB20 /* Debug */,
				5FBC348D2D38722200B0DB20 /* Release */,
			);
			defaultConfigurationIsVisible = 0;
			defaultConfigurationName = Release;
		};
/* End XCConfigurationList section */

/* Begin XCLocalSwiftPackageReference section */
		5F8EA81D2D595C5400B81545 /* XCLocalSwiftPackageReference "../BrilliantSole-Swift-Package" */ = {
			isa = XCLocalSwiftPackageReference;
			relativePath = "../BrilliantSole-Swift-Package";
		};
/* End XCLocalSwiftPackageReference section */

/* Begin XCSwiftPackageProductDependency section */
		5F8EA9102D59696300B81545 /* BrilliantSole */ = {
			isa = XCSwiftPackageProductDependency;
			package = 5F8EA81D2D595C5400B81545 /* XCLocalSwiftPackageReference "../BrilliantSole-Swift-Package" */;
			productName = BrilliantSole;
		};
		5F8EA9122D59696600B81545 /* BrilliantSole */ = {
			isa = XCSwiftPackageProductDependency;
			package = 5F8EA81D2D595C5400B81545 /* XCLocalSwiftPackageReference "../BrilliantSole-Swift-Package" */;
			productName = BrilliantSole;
		};
		5F8EA9142D59696F00B81545 /* BrilliantSole */ = {
			isa = XCSwiftPackageProductDependency;
			package = 5F8EA81D2D595C5400B81545 /* XCLocalSwiftPackageReference "../BrilliantSole-Swift-Package" */;
			productName = BrilliantSole;
		};
		5F8EA9162D59697300B81545 /* BrilliantSole */ = {
			isa = XCSwiftPackageProductDependency;
			package = 5F8EA81D2D595C5400B81545 /* XCLocalSwiftPackageReference "../BrilliantSole-Swift-Package" */;
			productName = BrilliantSole;
		};
		5F8EAA472D59B32100B81545 /* BrilliantSole */ = {
			isa = XCSwiftPackageProductDependency;
			package = 5F8EA81D2D595C5400B81545 /* XCLocalSwiftPackageReference "../BrilliantSole-Swift-Package" */;
			productName = BrilliantSole;
		};
/* End XCSwiftPackageProductDependency section */
	};
	rootObject = 5FBC34612D38722100B0DB20 /* Project object */;
}
